
Microsoft Visual Studio Solution File, Format Version 12.00
# Visual Studio Version 17
VisualStudioVersion = 17.14.36705.20 d17.14
MinimumVisualStudioVersion = 10.0.40219.1
Project("{FAE04EC0-301F-11D3-BF4B-00C04F79EFBC}") = "Nov13WebApp", "Nov13WebApp.csproj", "{87094080-6CAF-46DD-8501-4B57EBC0EF37}"
EndProject
Global
	GlobalSection(SolutionConfigurationPlatforms) = preSolution
		Debug|Any CPU = Debug|Any CPU
		Release|Any CPU = Release|Any CPU
	EndGlobalSection
	GlobalSection(ProjectConfigurationPlatforms) = postSolution
		{87094080-6CAF-46DD-8501-4B57EBC0EF37}.Debug|Any CPU.ActiveCfg = Debug|Any CPU
		{87094080-6CAF-46DD-8501-4B57EBC0EF37}.Debug|Any CPU.Build.0 = Debug|Any CPU
		{87094080-6CAF-46DD-8501-4B57EBC0EF37}.Release|Any CPU.ActiveCfg = Release|Any CPU
		{87094080-6CAF-46DD-8501-4B57EBC0EF37}.Release|Any CPU.Build.0 = Release|Any CPU
	EndGlobalSection
	GlobalSection(SolutionProperties) = preSolution
		HideSolutionNode = FALSE
	EndGlobalSection
	GlobalSection(ExtensibilityGlobals) = postSolution
		SolutionGuid = {11650ECE-92CF-4BD1-BF4D-EE9BEC615C49}
	EndGlobalSection
EndGlobal
